// !$*UTF8*$!
{
	archiveVersion = 1;
	classes = {
	};
	objectVersion = 56;
	objects = {

/* Begin PBXBuildFile section */
		BFA86D742B10C07B008FAF58 /* BarcodeScannerApp.swift in Sources */ = {isa = PBXBuildFile; fileRef = BFA86D732B10C07B008FAF58 /* BarcodeScannerApp.swift */; };
		BFA86D762B10C07B008FAF58 /* BarcodeScannerView.swift in Sources */ = {isa = PBXBuildFile; fileRef = BFA86D752B10C07B008FAF58 /* BarcodeScannerView.swift */; };
		BFA86D782B10C07C008FAF58 /* Assets.xcassets in Resources */ = {isa = PBXBuildFile; fileRef = BFA86D772B10C07C008FAF58 /* Assets.xcassets */; };
		BFA86D7B2B10C07C008FAF58 /* Preview Assets.xcassets in Resources */ = {isa = PBXBuildFile; fileRef = BFA86D7A2B10C07C008FAF58 /* Preview Assets.xcassets */; };
		BFA86D852B10C07C008FAF58 /* BarcodeScannerTests.swift in Sources */ = {isa = PBXBuildFile; fileRef = BFA86D842B10C07C008FAF58 /* BarcodeScannerTests.swift */; };
		BFA86D8F2B10C07C008FAF58 /* BarcodeScannerUITests.swift in Sources */ = {isa = PBXBuildFile; fileRef = BFA86D8E2B10C07C008FAF58 /* BarcodeScannerUITests.swift */; };
		BFA86D912B10C07C008FAF58 /* BarcodeScannerUITestsLaunchTests.swift in Sources */ = {isa = PBXBuildFile; fileRef = BFA86D902B10C07C008FAF58 /* BarcodeScannerUITestsLaunchTests.swift */; };
		BFA86D9E2B10C5A4008FAF58 /* ScannerVC.swift in Sources */ = {isa = PBXBuildFile; fileRef = BFA86D9D2B10C5A4008FAF58 /* ScannerVC.swift */; };
		BFA86DA02B10D1EE008FAF58 /* ScannerView.swift in Sources */ = {isa = PBXBuildFile; fileRef = BFA86D9F2B10D1EE008FAF58 /* ScannerView.swift */; };
		BFF5C4E02B1246140078D416 /* Alert.swift in Sources */ = {isa = PBXBuildFile; fileRef = BFF5C4DF2B1246140078D416 /* Alert.swift */; };
		BFF5C4E22B1246770078D416 /* BarcodeScannerViewModel.swift in Sources */ = {isa = PBXBuildFile; fileRef = BFF5C4E12B1246770078D416 /* BarcodeScannerViewModel.swift */; };
/* End PBXBuildFile section */

/* Begin PBXContainerItemProxy section */
		BFA86D812B10C07C008FAF58 /* PBXContainerItemProxy */ = {
			isa = PBXContainerItemProxy;
			containerPortal = BFA86D682B10C07B008FAF58 /* Project object */;
			proxyType = 1;
			remoteGlobalIDString = BFA86D6F2B10C07B008FAF58;
			remoteInfo = BarcodeScanner;
		};
		BFA86D8B2B10C07C008FAF58 /* PBXContainerItemProxy */ = {
			isa = PBXContainerItemProxy;
			containerPortal = BFA86D682B10C07B008FAF58 /* Project object */;
			proxyType = 1;
			remoteGlobalIDString = BFA86D6F2B10C07B008FAF58;
			remoteInfo = BarcodeScanner;
		};
/* End PBXContainerItemProxy section */

/* Begin PBXFileReference section */
		BFA86D702B10C07B008FAF58 /* BarcodeScanner.app */ = {isa = PBXFileReference; explicitFileType = wrapper.application; includeInIndex = 0; path = BarcodeScanner.app; sourceTree = BUILT_PRODUCTS_DIR; };
		BFA86D732B10C07B008FAF58 /* BarcodeScannerApp.swift */ = {isa = PBXFileReference; lastKnownFileType = sourcecode.swift; path = BarcodeScannerApp.swift; sourceTree = "<group>"; };
		BFA86D752B10C07B008FAF58 /* BarcodeScannerView.swift */ = {isa = PBXFileReference; lastKnownFileType = sourcecode.swift; path = BarcodeScannerView.swift; sourceTree = "<group>"; };
		BFA86D772B10C07C008FAF58 /* Assets.xcassets */ = {isa = PBXFileReference; lastKnownFileType = folder.assetcatalog; path = Assets.xcassets; sourceTree = "<group>"; };
		BFA86D7A2B10C07C008FAF58 /* Preview Assets.xcassets */ = {isa = PBXFileReference; lastKnownFileType = folder.assetcatalog; path = "Preview Assets.xcassets"; sourceTree = "<group>"; };
		BFA86D802B10C07C008FAF58 /* BarcodeScannerTests.xctest */ = {isa = PBXFileReference; explicitFileType = wrapper.cfbundle; includeInIndex = 0; path = BarcodeScannerTests.xctest; sourceTree = BUILT_PRODUCTS_DIR; };
		BFA86D842B10C07C008FAF58 /* BarcodeScannerTests.swift */ = {isa = PBXFileReference; lastKnownFileType = sourcecode.swift; path = BarcodeScannerTests.swift; sourceTree = "<group>"; };
		BFA86D8A2B10C07C008FAF58 /* BarcodeScannerUITests.xctest */ = {isa = PBXFileReference; explicitFileType = wrapper.cfbundle; includeInIndex = 0; path = BarcodeScannerUITests.xctest; sourceTree = BUILT_PRODUCTS_DIR; };
		BFA86D8E2B10C07C008FAF58 /* BarcodeScannerUITests.swift */ = {isa = PBXFileReference; lastKnownFileType = sourcecode.swift; path = BarcodeScannerUITests.swift; sourceTree = "<group>"; };
		BFA86D902B10C07C008FAF58 /* BarcodeScannerUITestsLaunchTests.swift */ = {isa = PBXFileReference; lastKnownFileType = sourcecode.swift; path = BarcodeScannerUITestsLaunchTests.swift; sourceTree = "<group>"; };
		BFA86D9D2B10C5A4008FAF58 /* ScannerVC.swift */ = {isa = PBXFileReference; lastKnownFileType = sourcecode.swift; path = ScannerVC.swift; sourceTree = "<group>"; };
		BFA86D9F2B10D1EE008FAF58 /* ScannerView.swift */ = {isa = PBXFileReference; lastKnownFileType = sourcecode.swift; path = ScannerView.swift; sourceTree = "<group>"; };
		BFD8C5392B122618000CBD48 /* Info.plist */ = {isa = PBXFileReference; lastKnownFileType = text.plist; path = Info.plist; sourceTree = "<group>"; };
		BFF5C4DF2B1246140078D416 /* Alert.swift */ = {isa = PBXFileReference; lastKnownFileType = sourcecode.swift; path = Alert.swift; sourceTree = "<group>"; };
		BFF5C4E12B1246770078D416 /* BarcodeScannerViewModel.swift */ = {isa = PBXFileReference; lastKnownFileType = sourcecode.swift; path = BarcodeScannerViewModel.swift; sourceTree = "<group>"; };
/* End PBXFileReference section */

/* Begin PBXFrameworksBuildPhase section */
		BFA86D6D2B10C07B008FAF58 /* Frameworks */ = {
			isa = PBXFrameworksBuildPhase;
			buildActionMask = 2147483647;
			files = (
			);
			runOnlyForDeploymentPostprocessing = 0;
		};
		BFA86D7D2B10C07C008FAF58 /* Frameworks */ = {
			isa = PBXFrameworksBuildPhase;
			buildActionMask = 2147483647;
			files = (
			);
			runOnlyForDeploymentPostprocessing = 0;
		};
		BFA86D872B10C07C008FAF58 /* Frameworks */ = {
			isa = PBXFrameworksBuildPhase;
			buildActionMask = 2147483647;
			files = (
			);
			runOnlyForDeploymentPostprocessing = 0;
		};
/* End PBXFrameworksBuildPhase section */

/* Begin PBXGroup section */
		BFA86D672B10C07B008FAF58 = {
			isa = PBXGroup;
			children = (
				BFA86D722B10C07B008FAF58 /* BarcodeScanner */,
				BFA86D832B10C07C008FAF58 /* BarcodeScannerTests */,
				BFA86D8D2B10C07C008FAF58 /* BarcodeScannerUITests */,
				BFA86D712B10C07B008FAF58 /* Products */,
			);
			sourceTree = "<group>";
		};
		BFA86D712B10C07B008FAF58 /* Products */ = {
			isa = PBXGroup;
			children = (
				BFA86D702B10C07B008FAF58 /* BarcodeScanner.app */,
				BFA86D802B10C07C008FAF58 /* BarcodeScannerTests.xctest */,
				BFA86D8A2B10C07C008FAF58 /* BarcodeScannerUITests.xctest */,
			);
			name = Products;
			sourceTree = "<group>";
		};
		BFA86D722B10C07B008FAF58 /* BarcodeScanner */ = {
			isa = PBXGroup;
			children = (
				BFF5C4E72B12493B0078D416 /* Utilities */,
				BFF5C4E52B1248F70078D416 /* Views */,
				BFF5C4E32B1248BF0078D416 /* Screens */,
				BFD8C5392B122618000CBD48 /* Info.plist */,
				BFA86D732B10C07B008FAF58 /* BarcodeScannerApp.swift */,
				BFA86D772B10C07C008FAF58 /* Assets.xcassets */,
				BFA86D792B10C07C008FAF58 /* Preview Content */,
			);
			path = BarcodeScanner;
			sourceTree = "<group>";
		};
		BFA86D792B10C07C008FAF58 /* Preview Content */ = {
			isa = PBXGroup;
			children = (
				BFA86D7A2B10C07C008FAF58 /* Preview Assets.xcassets */,
			);
			path = "Preview Content";
			sourceTree = "<group>";
		};
		BFA86D832B10C07C008FAF58 /* BarcodeScannerTests */ = {
			isa = PBXGroup;
			children = (
				BFA86D842B10C07C008FAF58 /* BarcodeScannerTests.swift */,
			);
			path = BarcodeScannerTests;
			sourceTree = "<group>";
		};
		BFA86D8D2B10C07C008FAF58 /* BarcodeScannerUITests */ = {
			isa = PBXGroup;
			children = (
				BFA86D8E2B10C07C008FAF58 /* BarcodeScannerUITests.swift */,
				BFA86D902B10C07C008FAF58 /* BarcodeScannerUITestsLaunchTests.swift */,
			);
			path = BarcodeScannerUITests;
			sourceTree = "<group>";
		};
		BFF5C4E32B1248BF0078D416 /* Screens */ = {
			isa = PBXGroup;
			children = (
				BFF5C4E42B1248CC0078D416 /* BarcodeScanner */,
			);
			path = Screens;
			sourceTree = "<group>";
		};
		BFF5C4E42B1248CC0078D416 /* BarcodeScanner */ = {
			isa = PBXGroup;
			children = (
				BFF5C4E12B1246770078D416 /* BarcodeScannerViewModel.swift */,
				BFA86D752B10C07B008FAF58 /* BarcodeScannerView.swift */,
			);
			path = BarcodeScanner;
			sourceTree = "<group>";
		};
		BFF5C4E52B1248F70078D416 /* Views */ = {
			isa = PBXGroup;
			children = (
				BFF5C4E62B1248FD0078D416 /* UIKit Components */,
			);
			path = Views;
			sourceTree = "<group>";
		};
		BFF5C4E62B1248FD0078D416 /* UIKit Components */ = {
			isa = PBXGroup;
			children = (
				BFA86D9F2B10D1EE008FAF58 /* ScannerView.swift */,
				BFA86D9D2B10C5A4008FAF58 /* ScannerVC.swift */,
			);
			path = "UIKit Components";
			sourceTree = "<group>";
		};
		BFF5C4E72B12493B0078D416 /* Utilities */ = {
			isa = PBXGroup;
			children = (
				BFF5C4DF2B1246140078D416 /* Alert.swift */,
			);
			path = Utilities;
			sourceTree = "<group>";
		};
/* End PBXGroup section */

/* Begin PBXNativeTarget section */
		BFA86D6F2B10C07B008FAF58 /* BarcodeScanner */ = {
			isa = PBXNativeTarget;
			buildConfigurationList = BFA86D942B10C07C008FAF58 /* Build configuration list for PBXNativeTarget "BarcodeScanner" */;
			buildPhases = (
				BFA86D6C2B10C07B008FAF58 /* Sources */,
				BFA86D6D2B10C07B008FAF58 /* Frameworks */,
				BFA86D6E2B10C07B008FAF58 /* Resources */,
			);
			buildRules = (
			);
			dependencies = (
			);
			name = BarcodeScanner;
			productName = BarcodeScanner;
			productReference = BFA86D702B10C07B008FAF58 /* BarcodeScanner.app */;
			productType = "com.apple.product-type.application";
		};
		BFA86D7F2B10C07C008FAF58 /* BarcodeScannerTests */ = {
			isa = PBXNativeTarget;
			buildConfigurationList = BFA86D972B10C07C008FAF58 /* Build configuration list for PBXNativeTarget "BarcodeScannerTests" */;
			buildPhases = (
				BFA86D7C2B10C07C008FAF58 /* Sources */,
				BFA86D7D2B10C07C008FAF58 /* Frameworks */,
				BFA86D7E2B10C07C008FAF58 /* Resources */,
			);
			buildRules = (
			);
			dependencies = (
				BFA86D822B10C07C008FAF58 /* PBXTargetDependency */,
			);
			name = BarcodeScannerTests;
			productName = BarcodeScannerTests;
			productReference = BFA86D802B10C07C008FAF58 /* BarcodeScannerTests.xctest */;
			productType = "com.apple.product-type.bundle.unit-test";
		};
		BFA86D892B10C07C008FAF58 /* BarcodeScannerUITests */ = {
			isa = PBXNativeTarget;
			buildConfigurationList = BFA86D9A2B10C07C008FAF58 /* Build configuration list for PBXNativeTarget "BarcodeScannerUITests" */;
			buildPhases = (
				BFA86D862B10C07C008FAF58 /* Sources */,
				BFA86D872B10C07C008FAF58 /* Frameworks */,
				BFA86D882B10C07C008FAF58 /* Resources */,
			);
			buildRules = (
			);
			dependencies = (
				BFA86D8C2B10C07C008FAF58 /* PBXTargetDependency */,
			);
			name = BarcodeScannerUITests;
			productName = BarcodeScannerUITests;
			productReference = BFA86D8A2B10C07C008FAF58 /* BarcodeScannerUITests.xctest */;
			productType = "com.apple.product-type.bundle.ui-testing";
		};
/* End PBXNativeTarget section */

/* Begin PBXProject section */
		BFA86D682B10C07B008FAF58 /* Project object */ = {
			isa = PBXProject;
			attributes = {
				BuildIndependentTargetsInParallel = 1;
				LastSwiftUpdateCheck = 1500;
				LastUpgradeCheck = 1500;
				TargetAttributes = {
					BFA86D6F2B10C07B008FAF58 = {
						CreatedOnToolsVersion = 15.0.1;
					};
					BFA86D7F2B10C07C008FAF58 = {
						CreatedOnToolsVersion = 15.0.1;
						TestTargetID = BFA86D6F2B10C07B008FAF58;
					};
					BFA86D892B10C07C008FAF58 = {
						CreatedOnToolsVersion = 15.0.1;
						TestTargetID = BFA86D6F2B10C07B008FAF58;
					};
				};
			};
			buildConfigurationList = BFA86D6B2B10C07B008FAF58 /* Build configuration list for PBXProject "BarcodeScanner" */;
			compatibilityVersion = "Xcode 14.0";
			developmentRegion = en;
			hasScannedForEncodings = 0;
			knownRegions = (
				en,
				Base,
			);
			mainGroup = BFA86D672B10C07B008FAF58;
			productRefGroup = BFA86D712B10C07B008FAF58 /* Products */;
			projectDirPath = "";
			projectRoot = "";
			targets = (
				BFA86D6F2B10C07B008FAF58 /* BarcodeScanner */,
				BFA86D7F2B10C07C008FAF58 /* BarcodeScannerTests */,
				BFA86D892B10C07C008FAF58 /* BarcodeScannerUITests */,
			);
		};
/* End PBXProject section */

/* Begin PBXResourcesBuildPhase section */
		BFA86D6E2B10C07B008FAF58 /* Resources */ = {
			isa = PBXResourcesBuildPhase;
			buildActionMask = 2147483647;
			files = (
				BFA86D7B2B10C07C008FAF58 /* Preview Assets.xcassets in Resources */,
				BFA86D782B10C07C008FAF58 /* Assets.xcassets in Resources */,
			);
			runOnlyForDeploymentPostprocessing = 0;
		};
		BFA86D7E2B10C07C008FAF58 /* Resources */ = {
			isa = PBXResourcesBuildPhase;
			buildActionMask = 2147483647;
			files = (
			);
			runOnlyForDeploymentPostprocessing = 0;
		};
		BFA86D882B10C07C008FAF58 /* Resources */ = {
			isa = PBXResourcesBuildPhase;
			buildActionMask = 2147483647;
			files = (
			);
			runOnlyForDeploymentPostprocessing = 0;
		};
/* End PBXResourcesBuildPhase section */

/* Begin PBXSourcesBuildPhase section */
		BFA86D6C2B10C07B008FAF58 /* Sources */ = {
			isa = PBXSourcesBuildPhase;
			buildActionMask = 2147483647;
			files = (
				BFF5C4E22B1246770078D416 /* BarcodeScannerViewModel.swift in Sources */,
				BFA86D9E2B10C5A4008FAF58 /* ScannerVC.swift in Sources */,
				BFA86DA02B10D1EE008FAF58 /* ScannerView.swift in Sources */,
				BFA86D762B10C07B008FAF58 /* BarcodeScannerView.swift in Sources */,
				BFF5C4E02B1246140078D416 /* Alert.swift in Sources */,
				BFA86D742B10C07B008FAF58 /* BarcodeScannerApp.swift in Sources */,
			);
			runOnlyForDeploymentPostprocessing = 0;
		};
		BFA86D7C2B10C07C008FAF58 /* Sources */ = {
			isa = PBXSourcesBuildPhase;
			buildActionMask = 2147483647;
			files = (
				BFA86D852B10C07C008FAF58 /* BarcodeScannerTests.swift in Sources */,
			);
			runOnlyForDeploymentPostprocessing = 0;
		};
		BFA86D862B10C07C008FAF58 /* Sources */ = {
			isa = PBXSourcesBuildPhase;
			buildActionMask = 2147483647;
			files = (
				BFA86D912B10C07C008FAF58 /* BarcodeScannerUITestsLaunchTests.swift in Sources */,
				BFA86D8F2B10C07C008FAF58 /* BarcodeScannerUITests.swift in Sources */,
			);
			runOnlyForDeploymentPostprocessing = 0;
		};
/* End PBXSourcesBuildPhase section */

/* Begin PBXTargetDependency section */
		BFA86D822B10C07C008FAF58 /* PBXTargetDependency */ = {
			isa = PBXTargetDependency;
			target = BFA86D6F2B10C07B008FAF58 /* BarcodeScanner */;
			targetProxy = BFA86D812B10C07C008FAF58 /* PBXContainerItemProxy */;
		};
		BFA86D8C2B10C07C008FAF58 /* PBXTargetDependency */ = {
			isa = PBXTargetDependency;
			target = BFA86D6F2B10C07B008FAF58 /* BarcodeScanner */;
			targetProxy = BFA86D8B2B10C07C008FAF58 /* PBXContainerItemProxy */;
		};
/* End PBXTargetDependency section */

/* Begin XCBuildConfiguration section */
		BFA86D922B10C07C008FAF58 /* Debug */ = {
			isa = XCBuildConfiguration;
			buildSettings = {
				ALWAYS_SEARCH_USER_PATHS = NO;
				ASSETCATALOG_COMPILER_GENERATE_SWIFT_ASSET_SYMBOL_EXTENSIONS = YES;
				CLANG_ANALYZER_NONNULL = YES;
				CLANG_ANALYZER_NUMBER_OBJECT_CONVERSION = YES_AGGRESSIVE;
				CLANG_CXX_LANGUAGE_STANDARD = "gnu++20";
				CLANG_ENABLE_MODULES = YES;
				CLANG_ENABLE_OBJC_ARC = YES;
				CLANG_ENABLE_OBJC_WEAK = YES;
				CLANG_WARN_BLOCK_CAPTURE_AUTORELEASING = YES;
				CLANG_WARN_BOOL_CONVERSION = YES;
				CLANG_WARN_COMMA = YES;
				CLANG_WARN_CONSTANT_CONVERSION = YES;
				CLANG_WARN_DEPRECATED_OBJC_IMPLEMENTATIONS = YES;
				CLANG_WARN_DIRECT_OBJC_ISA_USAGE = YES_ERROR;
				CLANG_WARN_DOCUMENTATION_COMMENTS = YES;
				CLANG_WARN_EMPTY_BODY = YES;
				CLANG_WARN_ENUM_CONVERSION = YES;
				CLANG_WARN_INFINITE_RECURSION = YES;
				CLANG_WARN_INT_CONVERSION = YES;
				CLANG_WARN_NON_LITERAL_NULL_CONVERSION = YES;
				CLANG_WARN_OBJC_IMPLICIT_RETAIN_SELF = YES;
				CLANG_WARN_OBJC_LITERAL_CONVERSION = YES;
				CLANG_WARN_OBJC_ROOT_CLASS = YES_ERROR;
				CLANG_WARN_QUOTED_INCLUDE_IN_FRAMEWORK_HEADER = YES;
				CLANG_WARN_RANGE_LOOP_ANALYSIS = YES;
				CLANG_WARN_STRICT_PROTOTYPES = YES;
				CLANG_WARN_SUSPICIOUS_MOVE = YES;
				CLANG_WARN_UNGUARDED_AVAILABILITY = YES_AGGRESSIVE;
				CLANG_WARN_UNREACHABLE_CODE = YES;
				CLANG_WARN__DUPLICATE_METHOD_MATCH = YES;
				COPY_PHASE_STRIP = NO;
				DEBUG_INFORMATION_FORMAT = dwarf;
				ENABLE_STRICT_OBJC_MSGSEND = YES;
				ENABLE_TESTABILITY = YES;
				ENABLE_USER_SCRIPT_SANDBOXING = YES;
				GCC_C_LANGUAGE_STANDARD = gnu17;
				GCC_DYNAMIC_NO_PIC = NO;
				GCC_NO_COMMON_BLOCKS = YES;
				GCC_OPTIMIZATION_LEVEL = 0;
				GCC_PREPROCESSOR_DEFINITIONS = (
					"DEBUG=1",
					"$(inherited)",
				);
				GCC_WARN_64_TO_32_BIT_CONVERSION = YES;
				GCC_WARN_ABOUT_RETURN_TYPE = YES_ERROR;
				GCC_WARN_UNDECLARED_SELECTOR = YES;
				GCC_WARN_UNINITIALIZED_AUTOS = YES_AGGRESSIVE;
				GCC_WARN_UNUSED_FUNCTION = YES;
				GCC_WARN_UNUSED_VARIABLE = YES;
				IPHONEOS_DEPLOYMENT_TARGET = 17.0;
				LOCALIZATION_PREFERS_STRING_CATALOGS = YES;
				MTL_ENABLE_DEBUG_INFO = INCLUDE_SOURCE;
				MTL_FAST_MATH = YES;
				ONLY_ACTIVE_ARCH = YES;
				SDKROOT = iphoneos;
				SWIFT_ACTIVE_COMPILATION_CONDITIONS = "DEBUG $(inherited)";
				SWIFT_OPTIMIZATION_LEVEL = "-Onone";
			};
			name = Debug;
		};
		BFA86D932B10C07C008FAF58 /* Release */ = {
			isa = XCBuildConfiguration;
			buildSettings = {
				ALWAYS_SEARCH_USER_PATHS = NO;
				ASSETCATALOG_COMPILER_GENERATE_SWIFT_ASSET_SYMBOL_EXTENSIONS = YES;
				CLANG_ANALYZER_NONNULL = YES;
				CLANG_ANALYZER_NUMBER_OBJECT_CONVERSION = YES_AGGRESSIVE;
				CLANG_CXX_LANGUAGE_STANDARD = "gnu++20";
				CLANG_ENABLE_MODULES = YES;
				CLANG_ENABLE_OBJC_ARC = YES;
				CLANG_ENABLE_OBJC_WEAK = YES;
				CLANG_WARN_BLOCK_CAPTURE_AUTORELEASING = YES;
				CLANG_WARN_BOOL_CONVERSION = YES;
				CLANG_WARN_COMMA = YES;
				CLANG_WARN_CONSTANT_CONVERSION = YES;
				CLANG_WARN_DEPRECATED_OBJC_IMPLEMENTATIONS = YES;
				CLANG_WARN_DIRECT_OBJC_ISA_USAGE = YES_ERROR;
				CLANG_WARN_DOCUMENTATION_COMMENTS = YES;
				CLANG_WARN_EMPTY_BODY = YES;
				CLANG_WARN_ENUM_CONVERSION = YES;
				CLANG_WARN_INFINITE_RECURSION = YES;
				CLANG_WARN_INT_CONVERSION = YES;
				CLANG_WARN_NON_LITERAL_NULL_CONVERSION = YES;
				CLANG_WARN_OBJC_IMPLICIT_RETAIN_SELF = YES;
				CLANG_WARN_OBJC_LITERAL_CONVERSION = YES;
				CLANG_WARN_OBJC_ROOT_CLASS = YES_ERROR;
				CLANG_WARN_QUOTED_INCLUDE_IN_FRAMEWORK_HEADER = YES;
				CLANG_WARN_RANGE_LOOP_ANALYSIS = YES;
				CLANG_WARN_STRICT_PROTOTYPES = YES;
				CLANG_WARN_SUSPICIOUS_MOVE = YES;
				CLANG_WARN_UNGUARDED_AVAILABILITY = YES_AGGRESSIVE;
				CLANG_WARN_UNREACHABLE_CODE = YES;
				CLANG_WARN__DUPLICATE_METHOD_MATCH = YES;
				COPY_PHASE_STRIP = NO;
				DEBUG_INFORMATION_FORMAT = "dwarf-with-dsym";
				ENABLE_NS_ASSERTIONS = NO;
				ENABLE_STRICT_OBJC_MSGSEND = YES;
				ENABLE_USER_SCRIPT_SANDBOXING = YES;
				GCC_C_LANGUAGE_STANDARD = gnu17;
				GCC_NO_COMMON_BLOCKS = YES;
				GCC_WARN_64_TO_32_BIT_CONVERSION = YES;
				GCC_WARN_ABOUT_RETURN_TYPE = YES_ERROR;
				GCC_WARN_UNDECLARED_SELECTOR = YES;
				GCC_WARN_UNINITIALIZED_AUTOS = YES_AGGRESSIVE;
				GCC_WARN_UNUSED_FUNCTION = YES;
				GCC_WARN_UNUSED_VARIABLE = YES;
				IPHONEOS_DEPLOYMENT_TARGET = 17.0;
				LOCALIZATION_PREFERS_STRING_CATALOGS = YES;
				MTL_ENABLE_DEBUG_INFO = NO;
				MTL_FAST_MATH = YES;
				SDKROOT = iphoneos;
				SWIFT_COMPILATION_MODE = wholemodule;
				VALIDATE_PRODUCT = YES;
			};
			name = Release;
		};
		BFA86D952B10C07C008FAF58 /* Debug */ = {
			isa = XCBuildConfiguration;
			buildSettings = {
				ASSETCATALOG_COMPILER_APPICON_NAME = AppIcon;
				ASSETCATALOG_COMPILER_GLOBAL_ACCENT_COLOR_NAME = AccentColor;
				CODE_SIGN_STYLE = Automatic;
				CURRENT_PROJECT_VERSION = 1;
				DEVELOPMENT_ASSET_PATHS = "\"BarcodeScanner/Preview Content\"";
				DEVELOPMENT_TEAM = MN2C4KUDVN;
				ENABLE_PREVIEWS = YES;
				GENERATE_INFOPLIST_FILE = YES;
				INFOPLIST_FILE = BarcodeScanner/Info.plist;
				INFOPLIST_KEY_NSCameraUsageDescription = "We need to use the camera to scan barcodes.";
				INFOPLIST_KEY_UIApplicationSceneManifest_Generation = YES;
				INFOPLIST_KEY_UIApplicationSupportsIndirectInputEvents = YES;
				INFOPLIST_KEY_UILaunchScreen_Generation = YES;
				INFOPLIST_KEY_UISupportedInterfaceOrientations_iPad = "UIInterfaceOrientationPortrait UIInterfaceOrientationPortraitUpsideDown UIInterfaceOrientationLandscapeLeft UIInterfaceOrientationLandscapeRight";
				INFOPLIST_KEY_UISupportedInterfaceOrientations_iPhone = "UIInterfaceOrientationPortrait UIInterfaceOrientationLandscapeLeft UIInterfaceOrientationLandscapeRight";
				LD_RUNPATH_SEARCH_PATHS = (
					"$(inherited)",
					"@executable_path/Frameworks",
				);
				MARKETING_VERSION = 1.0;
				PRODUCT_BUNDLE_IDENTIFIER = com.SpotifyTemplate.BarcodeScanner;
				PRODUCT_NAME = "$(TARGET_NAME)";
				SWIFT_EMIT_LOC_STRINGS = YES;
				SWIFT_VERSION = 5.0;
				TARGETED_DEVICE_FAMILY = "1,2";
			};
			name = Debug;
		};
		BFA86D962B10C07C008FAF58 /* Release */ = {
			isa = XCBuildConfiguration;
			buildSettings = {
				ASSETCATALOG_COMPILER_APPICON_NAME = AppIcon;
				ASSETCATALOG_COMPILER_GLOBAL_ACCENT_COLOR_NAME = AccentColor;
				CODE_SIGN_STYLE = Automatic;
				CURRENT_PROJECT_VERSION = 1;
				DEVELOPMENT_ASSET_PATHS = "\"BarcodeScanner/Preview Content\"";
				DEVELOPMENT_TEAM = MN2C4KUDVN;
				ENABLE_PREVIEWS = YES;
				GENERATE_INFOPLIST_FILE = YES;
				INFOPLIST_FILE = BarcodeScanner/Info.plist;
				INFOPLIST_KEY_NSCameraUsageDescription = "We need to use the camera to scan barcodes.";
				INFOPLIST_KEY_UIApplicationSceneManifest_Generation = YES;
				INFOPLIST_KEY_UIApplicationSupportsIndirectInputEvents = YES;
				INFOPLIST_KEY_UILaunchScreen_Generation = YES;
				INFOPLIST_KEY_UISupportedInterfaceOrientations_iPad = "UIInterfaceOrientationPortrait UIInterfaceOrientationPortraitUpsideDown UIInterfaceOrientationLandscapeLeft UIInterfaceOrientationLandscapeRight";
				INFOPLIST_KEY_UISupportedInterfaceOrientations_iPhone = "UIInterfaceOrientationPortrait UIInterfaceOrientationLandscapeLeft UIInterfaceOrientationLandscapeRight";
				LD_RUNPATH_SEARCH_PATHS = (
					"$(inherited)",
					"@executable_path/Frameworks",
				);
				MARKETING_VERSION = 1.0;
				PRODUCT_BUNDLE_IDENTIFIER = com.SpotifyTemplate.BarcodeScanner;
				PRODUCT_NAME = "$(TARGET_NAME)";
				SWIFT_EMIT_LOC_STRINGS = YES;
				SWIFT_VERSION = 5.0;
				TARGETED_DEVICE_FAMILY = "1,2";
			};
			name = Release;
		};
		BFA86D982B10C07C008FAF58 /* Debug */ = {
			isa = XCBuildConfiguration;
			buildSettings = {
				ALWAYS_EMBED_SWIFT_STANDARD_LIBRARIES = YES;
				BUNDLE_LOADER = "$(TEST_HOST)";
				CODE_SIGN_STYLE = Automatic;
				CURRENT_PROJECT_VERSION = 1;
				GENERATE_INFOPLIST_FILE = YES;
				IPHONEOS_DEPLOYMENT_TARGET = 17.0;
				MARKETING_VERSION = 1.0;
				PRODUCT_BUNDLE_IDENTIFIER = com.SpotifyTemplate.BarcodeScannerTests;
				PRODUCT_NAME = "$(TARGET_NAME)";
				SWIFT_EMIT_LOC_STRINGS = NO;
				SWIFT_VERSION = 5.0;
				TARGETED_DEVICE_FAMILY = "1,2";
				TEST_HOST = "$(BUILT_PRODUCTS_DIR)/BarcodeScanner.app/$(BUNDLE_EXECUTABLE_FOLDER_PATH)/BarcodeScanner";
			};
			name = Debug;
		};
		BFA86D992B10C07C008FAF58 /* Release */ = {
			isa = XCBuildConfiguration;
			buildSettings = {
				ALWAYS_EMBED_SWIFT_STANDARD_LIBRARIES = YES;
				BUNDLE_LOADER = "$(TEST_HOST)";
				CODE_SIGN_STYLE = Automatic;
				CURRENT_PROJECT_VERSION = 1;
				GENERATE_INFOPLIST_FILE = YES;
				IPHONEOS_DEPLOYMENT_TARGET = 17.0;
				MARKETING_VERSION = 1.0;
				PRODUCT_BUNDLE_IDENTIFIER = com.SpotifyTemplate.BarcodeScannerTests;
				PRODUCT_NAME = "$(TARGET_NAME)";
				SWIFT_EMIT_LOC_STRINGS = NO;
				SWIFT_VERSION = 5.0;
				TARGETED_DEVICE_FAMILY = "1,2";
				TEST_HOST = "$(BUILT_PRODUCTS_DIR)/BarcodeScanner.app/$(BUNDLE_EXECUTABLE_FOLDER_PATH)/BarcodeScanner";
			};
			name = Release;
		};
		BFA86D9B2B10C07C008FAF58 /* Debug */ = {
			isa = XCBuildConfiguration;
			buildSettings = {
				ALWAYS_EMBED_SWIFT_STANDARD_LIBRARIES = YES;
				CODE_SIGN_STYLE = Automatic;
				CURRENT_PROJECT_VERSION = 1;
				GENERATE_INFOPLIST_FILE = YES;
				MARKETING_VERSION = 1.0;
				PRODUCT_BUNDLE_IDENTIFIER = com.SpotifyTemplate.BarcodeScannerUITests;
				PRODUCT_NAME = "$(TARGET_NAME)";
				SWIFT_EMIT_LOC_STRINGS = NO;
				SWIFT_VERSION = 5.0;
				TARGETED_DEVICE_FAMILY = "1,2";
				TEST_TARGET_NAME = BarcodeScanner;
			};
			name = Debug;
		};
		BFA86D9C2B10C07C008FAF58 /* Release */ = {
			isa = XCBuildConfiguration;
			buildSettings = {
				ALWAYS_EMBED_SWIFT_STANDARD_LIBRARIES = YES;
				CODE_SIGN_STYLE = Automatic;
				CURRENT_PROJECT_VERSION = 1;
				GENERATE_INFOPLIST_FILE = YES;
				MARKETING_VERSION = 1.0;
				PRODUCT_BUNDLE_IDENTIFIER = com.SpotifyTemplate.BarcodeScannerUITests;
				PRODUCT_NAME = "$(TARGET_NAME)";
				SWIFT_EMIT_LOC_STRINGS = NO;
				SWIFT_VERSION = 5.0;
				TARGETED_DEVICE_FAMILY = "1,2";
				TEST_TARGET_NAME = BarcodeScanner;
			};
			name = Release;
		};
/* End XCBuildConfiguration section */

/* Begin XCConfigurationList section */
		BFA86D6B2B10C07B008FAF58 /* Build configuration list for PBXProject "BarcodeScanner" */ = {
			isa = XCConfigurationList;
			buildConfigurations = (
				BFA86D922B10C07C008FAF58 /* Debug */,
				BFA86D932B10C07C008FAF58 /* Release */,
			);
			defaultConfigurationIsVisible = 0;
			defaultConfigurationName = Release;
		};
		BFA86D942B10C07C008FAF58 /* Build configuration list for PBXNativeTarget "BarcodeScanner" */ = {
			isa = XCConfigurationList;
			buildConfigurations = (
				BFA86D952B10C07C008FAF58 /* Debug */,
				BFA86D962B10C07C008FAF58 /* Release */,
			);
			defaultConfigurationIsVisible = 0;
			defaultConfigurationName = Release;
		};
		BFA86D972B10C07C008FAF58 /* Build configuration list for PBXNativeTarget "BarcodeScannerTests" */ = {
			isa = XCConfigurationList;
			buildConfigurations = (
				BFA86D982B10C07C008FAF58 /* Debug */,
				BFA86D992B10C07C008FAF58 /* Release */,
			);
			defaultConfigurationIsVisible = 0;
			defaultConfigurationName = Release;
		};
		BFA86D9A2B10C07C008FAF58 /* Build configuration list for PBXNativeTarget "BarcodeScannerUITests" */ = {
			isa = XCConfigurationList;
			buildConfigurations = (
				BFA86D9B2B10C07C008FAF58 /* Debug */,
				BFA86D9C2B10C07C008FAF58 /* Release */,
			);
			defaultConfigurationIsVisible = 0;
			defaultConfigurationName = Release;
		};
/* End XCConfigurationList section */
	};
	rootObject = BFA86D682B10C07B008FAF58 /* Project object */;
}
